{
  "requires": true,
  "lockfileVersion": 1,
  "dependencies": {
    "svgmap": {
      "version": "1.5.0",
      "resolved": "https://registry.npmjs.org/svgmap/-/svgmap-1.5.0.tgz",
      "integrity": "sha512-N6Xo6S5DLlsQFS5qQctSaJ+RaonLiMK+L1vX1gb0XLDoRt7knNWpD4d08xia8nnqeISWUgZ+ofeIBXFJx1kUCQ=="
    }
  }
}
